{
  "nodes": {
    "nix-darwin": {
      "inputs": {
        "nixpkgs": [
          "nixpkgs"
        ]
      },
      "locked": {
        "lastModified": 1722924007,
        "narHash": "sha256-+CQDamNwqO33REJLft8c26NbUi2Td083hq6SvAm2xkU=",
        "owner": "LnL7",
        "repo": "nix-darwin",
        "rev": "91010a5613ffd7ee23ee9263213157a1c422b705",
        "type": "github"
      },
      "original": {
        "owner": "LnL7",
        "repo": "nix-darwin",
        "type": "github"
      }
    },
    "nixpkgs": {
      "locked": {
        "lastModified": 1723541349,
        "narHash": "sha256-LrmeqqHdPgAJsVKIJja8jGgRG/CA2y6SGT2TjX5Do68=",
        "owner": "NixOS",
        "repo": "nixpkgs",
        "rev": "4877ea239f4d02410c3516101faf35a81af0c30e",
        "type": "github"
      },
      "original": {
        "owner": "NixOS",
        "ref": "nixpkgs-unstable",
        "repo": "nixpkgs",
        "type": "github"
      }
    },
    "root": {
      "inputs": {
        "nix-darwin": "nix-darwin",
        "nixpkgs": "nixpkgs"
      }
    }
  },
  "root": "root",
  "version": 7
}
